
Microsoft Visual Studio Solution File, Format Version 12.00
# Visual Studio Version 17
VisualStudioVersion = 17.10.35013.160
MinimumVisualStudioVersion = 10.0.40219.1
Project("{FAE04EC0-301F-11D3-BF4B-00C04F79EFBC}") = "arrays_Fun", "arrays_Fun\arrays_Fun.csproj", "{F1B8E515-79DD-479E-BFF1-D85C346F9638}"
EndProject
Global
	GlobalSection(SolutionConfigurationPlatforms) = preSolution
		Debug|Any CPU = Debug|Any CPU
		Release|Any CPU = Release|Any CPU
	EndGlobalSection
	GlobalSection(ProjectConfigurationPlatforms) = postSolution
		{F1B8E515-79DD-479E-BFF1-D85C346F9638}.Debug|Any CPU.ActiveCfg = Debug|Any CPU
		{F1B8E515-79DD-479E-BFF1-D85C346F9638}.Debug|Any CPU.Build.0 = Debug|Any CPU
		{F1B8E515-79DD-479E-BFF1-D85C346F9638}.Release|Any CPU.ActiveCfg = Release|Any CPU
		{F1B8E515-79DD-479E-BFF1-D85C346F9638}.Release|Any CPU.Build.0 = Release|Any CPU
	EndGlobalSection
	GlobalSection(SolutionProperties) = preSolution
		HideSolutionNode = FALSE
	EndGlobalSection
	GlobalSection(ExtensibilityGlobals) = postSolution
		SolutionGuid = {E4AFB748-DF65-4302-9A4D-B67CD0BF53DD}
	EndGlobalSection
EndGlobal
